
Microsoft Visual Studio Solution File, Format Version 12.00
# Visual Studio Version 17
VisualStudioVersion = 17.3.32825.248
MinimumVisualStudioVersion = 10.0.40219.1
Project("{FAE04EC0-301F-11D3-BF4B-00C04F79EFBC}") = "MarthasBrowser", "MarthasBrowser.csproj", "{D778FA1A-EFE8-405F-96A5-DA79DD1DD3E2}"
EndProject
Global
	GlobalSection(SolutionConfigurationPlatforms) = preSolution
		Debug|Any CPU = Debug|Any CPU
		Release|Any CPU = Release|Any CPU
	EndGlobalSection
	GlobalSection(ProjectConfigurationPlatforms) = postSolution
		{D778FA1A-EFE8-405F-96A5-DA79DD1DD3E2}.Debug|Any CPU.ActiveCfg = Debug|Any CPU
		{D778FA1A-EFE8-405F-96A5-DA79DD1DD3E2}.Debug|Any CPU.Build.0 = Debug|Any CPU
		{D778FA1A-EFE8-405F-96A5-DA79DD1DD3E2}.Release|Any CPU.ActiveCfg = Release|Any CPU
		{D778FA1A-EFE8-405F-96A5-DA79DD1DD3E2}.Release|Any CPU.Build.0 = Release|Any CPU
	EndGlobalSection
	GlobalSection(SolutionProperties) = preSolution
		HideSolutionNode = FALSE
	EndGlobalSection
	GlobalSection(ExtensibilityGlobals) = postSolution
		SolutionGuid = {916D63B9-722C-4230-9C0A-76CFF5720057}
	EndGlobalSection
EndGlobal
